
Microsoft Visual Studio Solution File, Format Version 12.00
# Visual Studio Version 17
VisualStudioVersion = 17.9.34616.47
MinimumVisualStudioVersion = 10.0.40219.1
Project("{FAE04EC0-301F-11D3-BF4B-00C04F79EFBC}") = "ControleDeContatos", "ControleDeContatos\ControleDeContatos.csproj", "{F4CF7E35-68CC-46A5-910F-81C54D05DBFE}"
EndProject
Global
	GlobalSection(SolutionConfigurationPlatforms) = preSolution
		Debug|Any CPU = Debug|Any CPU
		Release|Any CPU = Release|Any CPU
	EndGlobalSection
	GlobalSection(ProjectConfigurationPlatforms) = postSolution
		{F4CF7E35-68CC-46A5-910F-81C54D05DBFE}.Debug|Any CPU.ActiveCfg = Debug|Any CPU
		{F4CF7E35-68CC-46A5-910F-81C54D05DBFE}.Debug|Any CPU.Build.0 = Debug|Any CPU
		{F4CF7E35-68CC-46A5-910F-81C54D05DBFE}.Release|Any CPU.ActiveCfg = Release|Any CPU
		{F4CF7E35-68CC-46A5-910F-81C54D05DBFE}.Release|Any CPU.Build.0 = Release|Any CPU
	EndGlobalSection
	GlobalSection(SolutionProperties) = preSolution
		HideSolutionNode = FALSE
	EndGlobalSection
	GlobalSection(ExtensibilityGlobals) = postSolution
		SolutionGuid = {319296FC-30A1-4C66-A02C-31EF019E0545}
	EndGlobalSection
EndGlobal
